// !$*UTF8*$!
{
	archiveVersion = 1;
	classes = {
	};
	objectVersion = 77;
	objects = {

/* Begin PBXContainerItemProxy section */
		23C7B8842D09EC5F001A2D90 /* PBXContainerItemProxy */ = {
			isa = PBXContainerItemProxy;
			containerPortal = 23C7B8652D09EC5E001A2D90 /* Project object */;
			proxyType = 1;
			remoteGlobalIDString = 23C7B86C2D09EC5E001A2D90;
			remoteInfo = Xilophone;
		};
		23C7B88E2D09EC5F001A2D90 /* PBXContainerItemProxy */ = {
			isa = PBXContainerItemProxy;
			containerPortal = 23C7B8652D09EC5E001A2D90 /* Project object */;
			proxyType = 1;
			remoteGlobalIDString = 23C7B86C2D09EC5E001A2D90;
			remoteInfo = Xilophone;
		};
/* End PBXContainerItemProxy section */

/* Begin PBXFileReference section */
		23C7B86D2D09EC5E001A2D90 /* Xilophone.app */ = {isa = PBXFileReference; explicitFileType = wrapper.application; includeInIndex = 0; path = Xilophone.app; sourceTree = BUILT_PRODUCTS_DIR; };
		23C7B8832D09EC5F001A2D90 /* XilophoneTests.xctest */ = {isa = PBXFileReference; explicitFileType = wrapper.cfbundle; includeInIndex = 0; path = XilophoneTests.xctest; sourceTree = BUILT_PRODUCTS_DIR; };
		23C7B88D2D09EC5F001A2D90 /* XilophoneUITests.xctest */ = {isa = PBXFileReference; explicitFileType = wrapper.cfbundle; includeInIndex = 0; path = XilophoneUITests.xctest; sourceTree = BUILT_PRODUCTS_DIR; };
/* End PBXFileReference section */

/* Begin PBXFileSystemSynchronizedBuildFileExceptionSet section */
		23C7B8952D09EC5F001A2D90 /* Exceptions for "Xilophone" folder in "Xilophone" target */ = {
			isa = PBXFileSystemSynchronizedBuildFileExceptionSet;
			membershipExceptions = (
				Info.plist,
			);
			target = 23C7B86C2D09EC5E001A2D90 /* Xilophone */;
		};
/* End PBXFileSystemSynchronizedBuildFileExceptionSet section */

/* Begin PBXFileSystemSynchronizedRootGroup section */
		23C7B86F2D09EC5E001A2D90 /* Xilophone */ = {
			isa = PBXFileSystemSynchronizedRootGroup;
			exceptions = (
				23C7B8952D09EC5F001A2D90 /* Exceptions for "Xilophone" folder in "Xilophone" target */,
			);
			path = Xilophone;
			sourceTree = "<group>";
		};
		23C7B8862D09EC5F001A2D90 /* XilophoneTests */ = {
			isa = PBXFileSystemSynchronizedRootGroup;
			path = XilophoneTests;
			sourceTree = "<group>";
		};
		23C7B8902D09EC5F001A2D90 /* XilophoneUITests */ = {
			isa = PBXFileSystemSynchronizedRootGroup;
			path = XilophoneUITests;
			sourceTree = "<group>";
		};
/* End PBXFileSystemSynchronizedRootGroup section */

/* Begin PBXFrameworksBuildPhase section */
		23C7B86A2D09EC5E001A2D90 /* Frameworks */ = {
			isa = PBXFrameworksBuildPhase;
			buildActionMask = 2147483647;
			files = (
			);
			runOnlyForDeploymentPostprocessing = 0;
		};
		23C7B8802D09EC5F001A2D90 /* Frameworks */ = {
			isa = PBXFrameworksBuildPhase;
			buildActionMask = 2147483647;
			files = (
			);
			runOnlyForDeploymentPostprocessing = 0;
		};
		23C7B88A2D09EC5F001A2D90 /* Frameworks */ = {
			isa = PBXFrameworksBuildPhase;
			buildActionMask = 2147483647;
			files = (
			);
			runOnlyForDeploymentPostprocessing = 0;
		};
/* End PBXFrameworksBuildPhase section */

/* Begin PBXGroup section */
		23C7B8642D09EC5E001A2D90 = {
			isa = PBXGroup;
			children = (
				23C7B86F2D09EC5E001A2D90 /* Xilophone */,
				23C7B8862D09EC5F001A2D90 /* XilophoneTests */,
				23C7B8902D09EC5F001A2D90 /* XilophoneUITests */,
				23C7B86E2D09EC5E001A2D90 /* Products */,
			);
			sourceTree = "<group>";
		};
		23C7B86E2D09EC5E001A2D90 /* Products */ = {
			isa = PBXGroup;
			children = (
				23C7B86D2D09EC5E001A2D90 /* Xilophone.app */,
				23C7B8832D09EC5F001A2D90 /* XilophoneTests.xctest */,
				23C7B88D2D09EC5F001A2D90 /* XilophoneUITests.xctest */,
			);
			name = Products;
			sourceTree = "<group>";
		};
/* End PBXGroup section */

/* Begin PBXNativeTarget section */
		23C7B86C2D09EC5E001A2D90 /* Xilophone */ = {
			isa = PBXNativeTarget;
			buildConfigurationList = 23C7B8962D09EC5F001A2D90 /* Build configuration list for PBXNativeTarget "Xilophone" */;
			buildPhases = (
				23C7B8692D09EC5E001A2D90 /* Sources */,
				23C7B86A2D09EC5E001A2D90 /* Frameworks */,
				23C7B86B2D09EC5E001A2D90 /* Resources */,
			);
			buildRules = (
			);
			dependencies = (
			);
			fileSystemSynchronizedGroups = (
				23C7B86F2D09EC5E001A2D90 /* Xilophone */,
			);
			name = Xilophone;
			packageProductDependencies = (
			);
			productName = Xilophone;
			productReference = 23C7B86D2D09EC5E001A2D90 /* Xilophone.app */;
			productType = "com.apple.product-type.application";
		};
		23C7B8822D09EC5F001A2D90 /* XilophoneTests */ = {
			isa = PBXNativeTarget;
			buildConfigurationList = 23C7B89B2D09EC5F001A2D90 /* Build configuration list for PBXNativeTarget "XilophoneTests" */;
			buildPhases = (
				23C7B87F2D09EC5F001A2D90 /* Sources */,
				23C7B8802D09EC5F001A2D90 /* Frameworks */,
				23C7B8812D09EC5F001A2D90 /* Resources */,
			);
			buildRules = (
			);
			dependencies = (
				23C7B8852D09EC5F001A2D90 /* PBXTargetDependency */,
			);
			fileSystemSynchronizedGroups = (
				23C7B8862D09EC5F001A2D90 /* XilophoneTests */,
			);
			name = XilophoneTests;
			packageProductDependencies = (
			);
			productName = XilophoneTests;
			productReference = 23C7B8832D09EC5F001A2D90 /* XilophoneTests.xctest */;
			productType = "com.apple.product-type.bundle.unit-test";
		};
		23C7B88C2D09EC5F001A2D90 /* XilophoneUITests */ = {
			isa = PBXNativeTarget;
			buildConfigurationList = 23C7B89E2D09EC5F001A2D90 /* Build configuration list for PBXNativeTarget "XilophoneUITests" */;
			buildPhases = (
				23C7B8892D09EC5F001A2D90 /* Sources */,
				23C7B88A2D09EC5F001A2D90 /* Frameworks */,
				23C7B88B2D09EC5F001A2D90 /* Resources */,
			);
			buildRules = (
			);
			dependencies = (
				23C7B88F2D09EC5F001A2D90 /* PBXTargetDependency */,
			);
			fileSystemSynchronizedGroups = (
				23C7B8902D09EC5F001A2D90 /* XilophoneUITests */,
			);
			name = XilophoneUITests;
			packageProductDependencies = (
			);
			productName = XilophoneUITests;
			productReference = 23C7B88D2D09EC5F001A2D90 /* XilophoneUITests.xctest */;
			productType = "com.apple.product-type.bundle.ui-testing";
		};
/* End PBXNativeTarget section */

/* Begin PBXProject section */
		23C7B8652D09EC5E001A2D90 /* Project object */ = {
			isa = PBXProject;
			attributes = {
				BuildIndependentTargetsInParallel = 1;
				LastSwiftUpdateCheck = 1610;
				LastUpgradeCheck = 1610;
				TargetAttributes = {
					23C7B86C2D09EC5E001A2D90 = {
						CreatedOnToolsVersion = 16.1;
					};
					23C7B8822D09EC5F001A2D90 = {
						CreatedOnToolsVersion = 16.1;
						TestTargetID = 23C7B86C2D09EC5E001A2D90;
					};
					23C7B88C2D09EC5F001A2D90 = {
						CreatedOnToolsVersion = 16.1;
						TestTargetID = 23C7B86C2D09EC5E001A2D90;
					};
				};
			};
			buildConfigurationList = 23C7B8682D09EC5E001A2D90 /* Build configuration list for PBXProject "Xilophone" */;
			developmentRegion = en;
			hasScannedForEncodings = 0;
			knownRegions = (
				en,
				Base,
			);
			mainGroup = 23C7B8642D09EC5E001A2D90;
			minimizedProjectReferenceProxies = 1;
			preferredProjectObjectVersion = 77;
			productRefGroup = 23C7B86E2D09EC5E001A2D90 /* Products */;
			projectDirPath = "";
			projectRoot = "";
			targets = (
				23C7B86C2D09EC5E001A2D90 /* Xilophone */,
				23C7B8822D09EC5F001A2D90 /* XilophoneTests */,
				23C7B88C2D09EC5F001A2D90 /* XilophoneUITests */,
			);
		};
/* End PBXProject section */

/* Begin PBXResourcesBuildPhase section */
		23C7B86B2D09EC5E001A2D90 /* Resources */ = {
			isa = PBXResourcesBuildPhase;
			buildActionMask = 2147483647;
			files = (
			);
			runOnlyForDeploymentPostprocessing = 0;
		};
		23C7B8812D09EC5F001A2D90 /* Resources */ = {
			isa = PBXResourcesBuildPhase;
			buildActionMask = 2147483647;
			files = (
			);
			runOnlyForDeploymentPostprocessing = 0;
		};
		23C7B88B2D09EC5F001A2D90 /* Resources */ = {
			isa = PBXResourcesBuildPhase;
			buildActionMask = 2147483647;
			files = (
			);
			runOnlyForDeploymentPostprocessing = 0;
		};
/* End PBXResourcesBuildPhase section */

/* Begin PBXSourcesBuildPhase section */
		23C7B8692D09EC5E001A2D90 /* Sources */ = {
			isa = PBXSourcesBuildPhase;
			buildActionMask = 2147483647;
			files = (
			);
			runOnlyForDeploymentPostprocessing = 0;
		};
		23C7B87F2D09EC5F001A2D90 /* Sources */ = {
			isa = PBXSourcesBuildPhase;
			buildActionMask = 2147483647;
			files = (
			);
			runOnlyForDeploymentPostprocessing = 0;
		};
		23C7B8892D09EC5F001A2D90 /* Sources */ = {
			isa = PBXSourcesBuildPhase;
			buildActionMask = 2147483647;
			files = (
			);
			runOnlyForDeploymentPostprocessing = 0;
		};
/* End PBXSourcesBuildPhase section */

/* Begin PBXTargetDependency section */
		23C7B8852D09EC5F001A2D90 /* PBXTargetDependency */ = {
			isa = PBXTargetDependency;
			target = 23C7B86C2D09EC5E001A2D90 /* Xilophone */;
			targetProxy = 23C7B8842D09EC5F001A2D90 /* PBXContainerItemProxy */;
		};
		23C7B88F2D09EC5F001A2D90 /* PBXTargetDependency */ = {
			isa = PBXTargetDependency;
			target = 23C7B86C2D09EC5E001A2D90 /* Xilophone */;
			targetProxy = 23C7B88E2D09EC5F001A2D90 /* PBXContainerItemProxy */;
		};
/* End PBXTargetDependency section */

/* Begin XCBuildConfiguration section */
		23C7B8972D09EC5F001A2D90 /* Debug */ = {
			isa = XCBuildConfiguration;
			buildSettings = {
				ASSETCATALOG_COMPILER_APPICON_NAME = AppIcon;
				ASSETCATALOG_COMPILER_GLOBAL_ACCENT_COLOR_NAME = AccentColor;
				CODE_SIGN_STYLE = Automatic;
				CURRENT_PROJECT_VERSION = 1;
				GENERATE_INFOPLIST_FILE = YES;
				INFOPLIST_FILE = Xilophone/Info.plist;
				INFOPLIST_KEY_UIApplicationSupportsIndirectInputEvents = YES;
				INFOPLIST_KEY_UILaunchStoryboardName = LaunchScreen;
				INFOPLIST_KEY_UIMainStoryboardFile = Main;
				INFOPLIST_KEY_UISupportedInterfaceOrientations_iPad = "UIInterfaceOrientationPortrait UIInterfaceOrientationPortraitUpsideDown UIInterfaceOrientationLandscapeLeft UIInterfaceOrientationLandscapeRight";
				INFOPLIST_KEY_UISupportedInterfaceOrientations_iPhone = "UIInterfaceOrientationPortrait UIInterfaceOrientationLandscapeLeft UIInterfaceOrientationLandscapeRight";
				LD_RUNPATH_SEARCH_PATHS = (
					"$(inherited)",
					"@executable_path/Frameworks",
				);
				MARKETING_VERSION = 1.0;
				PRODUCT_BUNDLE_IDENTIFIER = mx.dev.cmg.ios.Xilophone;
				PRODUCT_NAME = "$(TARGET_NAME)";
				SWIFT_EMIT_LOC_STRINGS = YES;
				SWIFT_VERSION = 5.0;
				TARGETED_DEVICE_FAMILY = "1,2";
			};
			name = Debug;
		};
		23C7B8982D09EC5F001A2D90 /* Release */ = {
			isa = XCBuildConfiguration;
			buildSettings = {
				ASSETCATALOG_COMPILER_APPICON_NAME = AppIcon;
				ASSETCATALOG_COMPILER_GLOBAL_ACCENT_COLOR_NAME = AccentColor;
				CODE_SIGN_STYLE = Automatic;
				CURRENT_PROJECT_VERSION = 1;
				GENERATE_INFOPLIST_FILE = YES;
				INFOPLIST_FILE = Xilophone/Info.plist;
				INFOPLIST_KEY_UIApplicationSupportsIndirectInputEvents = YES;
				INFOPLIST_KEY_UILaunchStoryboardName = LaunchScreen;
				INFOPLIST_KEY_UIMainStoryboardFile = Main;
				INFOPLIST_KEY_UISupportedInterfaceOrientations_iPad = "UIInterfaceOrientationPortrait UIInterfaceOrientationPortraitUpsideDown UIInterfaceOrientationLandscapeLeft UIInterfaceOrientationLandscapeRight";
				INFOPLIST_KEY_UISupportedInterfaceOrientations_iPhone = "UIInterfaceOrientationPortrait UIInterfaceOrientationLandscapeLeft UIInterfaceOrientationLandscapeRight";
				LD_RUNPATH_SEARCH_PATHS = (
					"$(inherited)",
					"@executable_path/Frameworks",
				);
				MARKETING_VERSION = 1.0;
				PRODUCT_BUNDLE_IDENTIFIER = mx.dev.cmg.ios.Xilophone;
				PRODUCT_NAME = "$(TARGET_NAME)";
				SWIFT_EMIT_LOC_STRINGS = YES;
				SWIFT_VERSION = 5.0;
				TARGETED_DEVICE_FAMILY = "1,2";
			};
			name = Release;
		};
		23C7B8992D09EC5F001A2D90 /* Debug */ = {
			isa = XCBuildConfiguration;
			buildSettings = {
				ALWAYS_SEARCH_USER_PATHS = NO;
				ASSETCATALOG_COMPILER_GENERATE_SWIFT_ASSET_SYMBOL_EXTENSIONS = YES;
				CLANG_ANALYZER_NONNULL = YES;
				CLANG_ANALYZER_NUMBER_OBJECT_CONVERSION = YES_AGGRESSIVE;
				CLANG_CXX_LANGUAGE_STANDARD = "gnu++20";
				CLANG_ENABLE_MODULES = YES;
				CLANG_ENABLE_OBJC_ARC = YES;
				CLANG_ENABLE_OBJC_WEAK = YES;
				CLANG_WARN_BLOCK_CAPTURE_AUTORELEASING = YES;
				CLANG_WARN_BOOL_CONVERSION = YES;
				CLANG_WARN_COMMA = YES;
				CLANG_WARN_CONSTANT_CONVERSION = YES;
				CLANG_WARN_DEPRECATED_OBJC_IMPLEMENTATIONS = YES;
				CLANG_WARN_DIRECT_OBJC_ISA_USAGE = YES_ERROR;
				CLANG_WARN_DOCUMENTATION_COMMENTS = YES;
				CLANG_WARN_EMPTY_BODY = YES;
				CLANG_WARN_ENUM_CONVERSION = YES;
				CLANG_WARN_INFINITE_RECURSION = YES;
				CLANG_WARN_INT_CONVERSION = YES;
				CLANG_WARN_NON_LITERAL_NULL_CONVERSION = YES;
				CLANG_WARN_OBJC_IMPLICIT_RETAIN_SELF = YES;
				CLANG_WARN_OBJC_LITERAL_CONVERSION = YES;
				CLANG_WARN_OBJC_ROOT_CLASS = YES_ERROR;
				CLANG_WARN_QUOTED_INCLUDE_IN_FRAMEWORK_HEADER = YES;
				CLANG_WARN_RANGE_LOOP_ANALYSIS = YES;
				CLANG_WARN_STRICT_PROTOTYPES = YES;
				CLANG_WARN_SUSPICIOUS_MOVE = YES;
				CLANG_WARN_UNGUARDED_AVAILABILITY = YES_AGGRESSIVE;
				CLANG_WARN_UNREACHABLE_CODE = YES;
				CLANG_WARN__DUPLICATE_METHOD_MATCH = YES;
				COPY_PHASE_STRIP = NO;
				DEBUG_INFORMATION_FORMAT = dwarf;
				ENABLE_STRICT_OBJC_MSGSEND = YES;
				ENABLE_TESTABILITY = YES;
				ENABLE_USER_SCRIPT_SANDBOXING = YES;
				GCC_C_LANGUAGE_STANDARD = gnu17;
				GCC_DYNAMIC_NO_PIC = NO;
				GCC_NO_COMMON_BLOCKS = YES;
				GCC_OPTIMIZATION_LEVEL = 0;
				GCC_PREPROCESSOR_DEFINITIONS = (
					"DEBUG=1",
					"$(inherited)",
				);
				GCC_WARN_64_TO_32_BIT_CONVERSION = YES;
				GCC_WARN_ABOUT_RETURN_TYPE = YES_ERROR;
				GCC_WARN_UNDECLARED_SELECTOR = YES;
				GCC_WARN_UNINITIALIZED_AUTOS = YES_AGGRESSIVE;
				GCC_WARN_UNUSED_FUNCTION = YES;
				GCC_WARN_UNUSED_VARIABLE = YES;
				IPHONEOS_DEPLOYMENT_TARGET = 18.1;
				LOCALIZATION_PREFERS_STRING_CATALOGS = YES;
				MTL_ENABLE_DEBUG_INFO = INCLUDE_SOURCE;
				MTL_FAST_MATH = YES;
				ONLY_ACTIVE_ARCH = YES;
				SDKROOT = iphoneos;
				SWIFT_ACTIVE_COMPILATION_CONDITIONS = "DEBUG $(inherited)";
				SWIFT_OPTIMIZATION_LEVEL = "-Onone";
			};
			name = Debug;
		};
		23C7B89A2D09EC5F001A2D90 /* Release */ = {
			isa = XCBuildConfiguration;
			buildSettings = {
				ALWAYS_SEARCH_USER_PATHS = NO;
				ASSETCATALOG_COMPILER_GENERATE_SWIFT_ASSET_SYMBOL_EXTENSIONS = YES;
				CLANG_ANALYZER_NONNULL = YES;
				CLANG_ANALYZER_NUMBER_OBJECT_CONVERSION = YES_AGGRESSIVE;
				CLANG_CXX_LANGUAGE_STANDARD = "gnu++20";
				CLANG_ENABLE_MODULES = YES;
				CLANG_ENABLE_OBJC_ARC = YES;
				CLANG_ENABLE_OBJC_WEAK = YES;
				CLANG_WARN_BLOCK_CAPTURE_AUTORELEASING = YES;
				CLANG_WARN_BOOL_CONVERSION = YES;
				CLANG_WARN_COMMA = YES;
				CLANG_WARN_CONSTANT_CONVERSION = YES;
				CLANG_WARN_DEPRECATED_OBJC_IMPLEMENTATIONS = YES;
				CLANG_WARN_DIRECT_OBJC_ISA_USAGE = YES_ERROR;
				CLANG_WARN_DOCUMENTATION_COMMENTS = YES;
				CLANG_WARN_EMPTY_BODY = YES;
				CLANG_WARN_ENUM_CONVERSION = YES;
				CLANG_WARN_INFINITE_RECURSION = YES;
				CLANG_WARN_INT_CONVERSION = YES;
				CLANG_WARN_NON_LITERAL_NULL_CONVERSION = YES;
				CLANG_WARN_OBJC_IMPLICIT_RETAIN_SELF = YES;
				CLANG_WARN_OBJC_LITERAL_CONVERSION = YES;
				CLANG_WARN_OBJC_ROOT_CLASS = YES_ERROR;
				CLANG_WARN_QUOTED_INCLUDE_IN_FRAMEWORK_HEADER = YES;
				CLANG_WARN_RANGE_LOOP_ANALYSIS = YES;
				CLANG_WARN_STRICT_PROTOTYPES = YES;
				CLANG_WARN_SUSPICIOUS_MOVE = YES;
				CLANG_WARN_UNGUARDED_AVAILABILITY = YES_AGGRESSIVE;
				CLANG_WARN_UNREACHABLE_CODE = YES;
				CLANG_WARN__DUPLICATE_METHOD_MATCH = YES;
				COPY_PHASE_STRIP = NO;
				DEBUG_INFORMATION_FORMAT = "dwarf-with-dsym";
				ENABLE_NS_ASSERTIONS = NO;
				ENABLE_STRICT_OBJC_MSGSEND = YES;
				ENABLE_USER_SCRIPT_SANDBOXING = YES;
				GCC_C_LANGUAGE_STANDARD = gnu17;
				GCC_NO_COMMON_BLOCKS = YES;
				GCC_WARN_64_TO_32_BIT_CONVERSION = YES;
				GCC_WARN_ABOUT_RETURN_TYPE = YES_ERROR;
				GCC_WARN_UNDECLARED_SELECTOR = YES;
				GCC_WARN_UNINITIALIZED_AUTOS = YES_AGGRESSIVE;
				GCC_WARN_UNUSED_FUNCTION = YES;
				GCC_WARN_UNUSED_VARIABLE = YES;
				IPHONEOS_DEPLOYMENT_TARGET = 18.1;
				LOCALIZATION_PREFERS_STRING_CATALOGS = YES;
				MTL_ENABLE_DEBUG_INFO = NO;
				MTL_FAST_MATH = YES;
				SDKROOT = iphoneos;
				SWIFT_COMPILATION_MODE = wholemodule;
				VALIDATE_PRODUCT = YES;
			};
			name = Release;
		};
		23C7B89C2D09EC5F001A2D90 /* Debug */ = {
			isa = XCBuildConfiguration;
			buildSettings = {
				BUNDLE_LOADER = "$(TEST_HOST)";
				CODE_SIGN_STYLE = Automatic;
				CURRENT_PROJECT_VERSION = 1;
				GENERATE_INFOPLIST_FILE = YES;
				IPHONEOS_DEPLOYMENT_TARGET = 18.1;
				MARKETING_VERSION = 1.0;
				PRODUCT_BUNDLE_IDENTIFIER = mx.dev.cmg.ios.XilophoneTests;
				PRODUCT_NAME = "$(TARGET_NAME)";
				SWIFT_EMIT_LOC_STRINGS = NO;
				SWIFT_VERSION = 5.0;
				TARGETED_DEVICE_FAMILY = "1,2";
				TEST_HOST = "$(BUILT_PRODUCTS_DIR)/Xilophone.app/$(BUNDLE_EXECUTABLE_FOLDER_PATH)/Xilophone";
			};
			name = Debug;
		};
		23C7B89D2D09EC5F001A2D90 /* Release */ = {
			isa = XCBuildConfiguration;
			buildSettings = {
				BUNDLE_LOADER = "$(TEST_HOST)";
				CODE_SIGN_STYLE = Automatic;
				CURRENT_PROJECT_VERSION = 1;
				GENERATE_INFOPLIST_FILE = YES;
				IPHONEOS_DEPLOYMENT_TARGET = 18.1;
				MARKETING_VERSION = 1.0;
				PRODUCT_BUNDLE_IDENTIFIER = mx.dev.cmg.ios.XilophoneTests;
				PRODUCT_NAME = "$(TARGET_NAME)";
				SWIFT_EMIT_LOC_STRINGS = NO;
				SWIFT_VERSION = 5.0;
				TARGETED_DEVICE_FAMILY = "1,2";
				TEST_HOST = "$(BUILT_PRODUCTS_DIR)/Xilophone.app/$(BUNDLE_EXECUTABLE_FOLDER_PATH)/Xilophone";
			};
			name = Release;
		};
		23C7B89F2D09EC5F001A2D90 /* Debug */ = {
			isa = XCBuildConfiguration;
			buildSettings = {
				CODE_SIGN_STYLE = Automatic;
				CURRENT_PROJECT_VERSION = 1;
				GENERATE_INFOPLIST_FILE = YES;
				MARKETING_VERSION = 1.0;
				PRODUCT_BUNDLE_IDENTIFIER = mx.dev.cmg.ios.XilophoneUITests;
				PRODUCT_NAME = "$(TARGET_NAME)";
				SWIFT_EMIT_LOC_STRINGS = NO;
				SWIFT_VERSION = 5.0;
				TARGETED_DEVICE_FAMILY = "1,2";
				TEST_TARGET_NAME = Xilophone;
			};
			name = Debug;
		};
		23C7B8A02D09EC5F001A2D90 /* Release */ = {
			isa = XCBuildConfiguration;
			buildSettings = {
				CODE_SIGN_STYLE = Automatic;
				CURRENT_PROJECT_VERSION = 1;
				GENERATE_INFOPLIST_FILE = YES;
				MARKETING_VERSION = 1.0;
				PRODUCT_BUNDLE_IDENTIFIER = mx.dev.cmg.ios.XilophoneUITests;
				PRODUCT_NAME = "$(TARGET_NAME)";
				SWIFT_EMIT_LOC_STRINGS = NO;
				SWIFT_VERSION = 5.0;
				TARGETED_DEVICE_FAMILY = "1,2";
				TEST_TARGET_NAME = Xilophone;
			};
			name = Release;
		};
/* End XCBuildConfiguration section */

/* Begin XCConfigurationList section */
		23C7B8682D09EC5E001A2D90 /* Build configuration list for PBXProject "Xilophone" */ = {
			isa = XCConfigurationList;
			buildConfigurations = (
				23C7B8992D09EC5F001A2D90 /* Debug */,
				23C7B89A2D09EC5F001A2D90 /* Release */,
			);
			defaultConfigurationIsVisible = 0;
			defaultConfigurationName = Release;
		};
		23C7B8962D09EC5F001A2D90 /* Build configuration list for PBXNativeTarget "Xilophone" */ = {
			isa = XCConfigurationList;
			buildConfigurations = (
				23C7B8972D09EC5F001A2D90 /* Debug */,
				23C7B8982D09EC5F001A2D90 /* Release */,
			);
			defaultConfigurationIsVisible = 0;
			defaultConfigurationName = Release;
		};
		23C7B89B2D09EC5F001A2D90 /* Build configuration list for PBXNativeTarget "XilophoneTests" */ = {
			isa = XCConfigurationList;
			buildConfigurations = (
				23C7B89C2D09EC5F001A2D90 /* Debug */,
				23C7B89D2D09EC5F001A2D90 /* Release */,
			);
			defaultConfigurationIsVisible = 0;
			defaultConfigurationName = Release;
		};
		23C7B89E2D09EC5F001A2D90 /* Build configuration list for PBXNativeTarget "XilophoneUITests" */ = {
			isa = XCConfigurationList;
			buildConfigurations = (
				23C7B89F2D09EC5F001A2D90 /* Debug */,
				23C7B8A02D09EC5F001A2D90 /* Release */,
			);
			defaultConfigurationIsVisible = 0;
			defaultConfigurationName = Release;
		};
/* End XCConfigurationList section */
	};
	rootObject = 23C7B8652D09EC5E001A2D90 /* Project object */;
}
