// !$*UTF8*$!
{
	archiveVersion = 1;
	classes = {
	};
	objectVersion = 56;
	objects = {

/* Begin PBXBuildFile section */
		D719CB462BDD6F9C00DDEB05 /* AppDelegate.swift in Sources */ = {isa = PBXBuildFile; fileRef = D719CB452BDD6F9C00DDEB05 /* AppDelegate.swift */; };
		D719CB482BDD6F9C00DDEB05 /* SceneDelegate.swift in Sources */ = {isa = PBXBuildFile; fileRef = D719CB472BDD6F9C00DDEB05 /* SceneDelegate.swift */; };
		D719CB4A2BDD6F9C00DDEB05 /* ViewController.swift in Sources */ = {isa = PBXBuildFile; fileRef = D719CB492BDD6F9C00DDEB05 /* ViewController.swift */; };
		D719CB4D2BDD6F9C00DDEB05 /* Base in Resources */ = {isa = PBXBuildFile; fileRef = D719CB4C2BDD6F9C00DDEB05 /* Base */; };
		D719CB4F2BDD6F9C00DDEB05 /* Assets.xcassets in Resources */ = {isa = PBXBuildFile; fileRef = D719CB4E2BDD6F9C00DDEB05 /* Assets.xcassets */; };
		D719CB522BDD6F9C00DDEB05 /* Base in Resources */ = {isa = PBXBuildFile; fileRef = D719CB512BDD6F9C00DDEB05 /* Base */; };
		D719CB5B2BDD7D7600DDEB05 /* MyCustomTableViewCell.swift in Sources */ = {isa = PBXBuildFile; fileRef = D719CB592BDD7D7600DDEB05 /* MyCustomTableViewCell.swift */; };
		D719CB5C2BDD7D7600DDEB05 /* MyCustomTableViewCell.xib in Resources */ = {isa = PBXBuildFile; fileRef = D719CB5A2BDD7D7600DDEB05 /* MyCustomTableViewCell.xib */; };
/* End PBXBuildFile section */

/* Begin PBXFileReference section */
		D719CB422BDD6F9C00DDEB05 /* TablasColecciones.app */ = {isa = PBXFileReference; explicitFileType = wrapper.application; includeInIndex = 0; path = TablasColecciones.app; sourceTree = BUILT_PRODUCTS_DIR; };
		D719CB452BDD6F9C00DDEB05 /* AppDelegate.swift */ = {isa = PBXFileReference; lastKnownFileType = sourcecode.swift; path = AppDelegate.swift; sourceTree = "<group>"; };
		D719CB472BDD6F9C00DDEB05 /* SceneDelegate.swift */ = {isa = PBXFileReference; lastKnownFileType = sourcecode.swift; path = SceneDelegate.swift; sourceTree = "<group>"; };
		D719CB492BDD6F9C00DDEB05 /* ViewController.swift */ = {isa = PBXFileReference; lastKnownFileType = sourcecode.swift; path = ViewController.swift; sourceTree = "<group>"; };
		D719CB4C2BDD6F9C00DDEB05 /* Base */ = {isa = PBXFileReference; lastKnownFileType = file.storyboard; name = Base; path = Base.lproj/Main.storyboard; sourceTree = "<group>"; };
		D719CB4E2BDD6F9C00DDEB05 /* Assets.xcassets */ = {isa = PBXFileReference; lastKnownFileType = folder.assetcatalog; path = Assets.xcassets; sourceTree = "<group>"; };
		D719CB512BDD6F9C00DDEB05 /* Base */ = {isa = PBXFileReference; lastKnownFileType = file.storyboard; name = Base; path = Base.lproj/LaunchScreen.storyboard; sourceTree = "<group>"; };
		D719CB532BDD6F9C00DDEB05 /* Info.plist */ = {isa = PBXFileReference; lastKnownFileType = text.plist.xml; path = Info.plist; sourceTree = "<group>"; };
		D719CB592BDD7D7600DDEB05 /* MyCustomTableViewCell.swift */ = {isa = PBXFileReference; lastKnownFileType = sourcecode.swift; path = MyCustomTableViewCell.swift; sourceTree = "<group>"; };
		D719CB5A2BDD7D7600DDEB05 /* MyCustomTableViewCell.xib */ = {isa = PBXFileReference; lastKnownFileType = file.xib; path = MyCustomTableViewCell.xib; sourceTree = "<group>"; };
/* End PBXFileReference section */

/* Begin PBXFrameworksBuildPhase section */
		D719CB3F2BDD6F9C00DDEB05 /* Frameworks */ = {
			isa = PBXFrameworksBuildPhase;
			buildActionMask = 2147483647;
			files = (
			);
			runOnlyForDeploymentPostprocessing = 0;
		};
/* End PBXFrameworksBuildPhase section */

/* Begin PBXGroup section */
		D719CB392BDD6F9C00DDEB05 = {
			isa = PBXGroup;
			children = (
				D719CB442BDD6F9C00DDEB05 /* TablasColecciones */,
				D719CB432BDD6F9C00DDEB05 /* Products */,
			);
			sourceTree = "<group>";
		};
		D719CB432BDD6F9C00DDEB05 /* Products */ = {
			isa = PBXGroup;
			children = (
				D719CB422BDD6F9C00DDEB05 /* TablasColecciones.app */,
			);
			name = Products;
			sourceTree = "<group>";
		};
		D719CB442BDD6F9C00DDEB05 /* TablasColecciones */ = {
			isa = PBXGroup;
			children = (
				D719CB452BDD6F9C00DDEB05 /* AppDelegate.swift */,
				D719CB472BDD6F9C00DDEB05 /* SceneDelegate.swift */,
				D719CB492BDD6F9C00DDEB05 /* ViewController.swift */,
				D719CB4B2BDD6F9C00DDEB05 /* Main.storyboard */,
				D719CB4E2BDD6F9C00DDEB05 /* Assets.xcassets */,
				D719CB502BDD6F9C00DDEB05 /* LaunchScreen.storyboard */,
				D719CB532BDD6F9C00DDEB05 /* Info.plist */,
				D719CB592BDD7D7600DDEB05 /* MyCustomTableViewCell.swift */,
				D719CB5A2BDD7D7600DDEB05 /* MyCustomTableViewCell.xib */,
			);
			path = TablasColecciones;
			sourceTree = "<group>";
		};
/* End PBXGroup section */

/* Begin PBXNativeTarget section */
		D719CB412BDD6F9C00DDEB05 /* TablasColecciones */ = {
			isa = PBXNativeTarget;
			buildConfigurationList = D719CB562BDD6F9C00DDEB05 /* Build configuration list for PBXNativeTarget "TablasColecciones" */;
			buildPhases = (
				D719CB3E2BDD6F9C00DDEB05 /* Sources */,
				D719CB3F2BDD6F9C00DDEB05 /* Frameworks */,
				D719CB402BDD6F9C00DDEB05 /* Resources */,
			);
			buildRules = (
			);
			dependencies = (
			);
			name = TablasColecciones;
			productName = TablasColecciones;
			productReference = D719CB422BDD6F9C00DDEB05 /* TablasColecciones.app */;
			productType = "com.apple.product-type.application";
		};
/* End PBXNativeTarget section */

/* Begin PBXProject section */
		D719CB3A2BDD6F9C00DDEB05 /* Project object */ = {
			isa = PBXProject;
			attributes = {
				BuildIndependentTargetsInParallel = 1;
				LastSwiftUpdateCheck = 1530;
				LastUpgradeCheck = 1530;
				TargetAttributes = {
					D719CB412BDD6F9C00DDEB05 = {
						CreatedOnToolsVersion = 15.3;
					};
				};
			};
			buildConfigurationList = D719CB3D2BDD6F9C00DDEB05 /* Build configuration list for PBXProject "TablasColecciones" */;
			compatibilityVersion = "Xcode 14.0";
			developmentRegion = en;
			hasScannedForEncodings = 0;
			knownRegions = (
				en,
				Base,
			);
			mainGroup = D719CB392BDD6F9C00DDEB05;
			productRefGroup = D719CB432BDD6F9C00DDEB05 /* Products */;
			projectDirPath = "";
			projectRoot = "";
			targets = (
				D719CB412BDD6F9C00DDEB05 /* TablasColecciones */,
			);
		};
/* End PBXProject section */

/* Begin PBXResourcesBuildPhase section */
		D719CB402BDD6F9C00DDEB05 /* Resources */ = {
			isa = PBXResourcesBuildPhase;
			buildActionMask = 2147483647;
			files = (
				D719CB4F2BDD6F9C00DDEB05 /* Assets.xcassets in Resources */,
				D719CB522BDD6F9C00DDEB05 /* Base in Resources */,
				D719CB5C2BDD7D7600DDEB05 /* MyCustomTableViewCell.xib in Resources */,
				D719CB4D2BDD6F9C00DDEB05 /* Base in Resources */,
			);
			runOnlyForDeploymentPostprocessing = 0;
		};
/* End PBXResourcesBuildPhase section */

/* Begin PBXSourcesBuildPhase section */
		D719CB3E2BDD6F9C00DDEB05 /* Sources */ = {
			isa = PBXSourcesBuildPhase;
			buildActionMask = 2147483647;
			files = (
				D719CB4A2BDD6F9C00DDEB05 /* ViewController.swift in Sources */,
				D719CB462BDD6F9C00DDEB05 /* AppDelegate.swift in Sources */,
				D719CB5B2BDD7D7600DDEB05 /* MyCustomTableViewCell.swift in Sources */,
				D719CB482BDD6F9C00DDEB05 /* SceneDelegate.swift in Sources */,
			);
			runOnlyForDeploymentPostprocessing = 0;
		};
/* End PBXSourcesBuildPhase section */

/* Begin PBXVariantGroup section */
		D719CB4B2BDD6F9C00DDEB05 /* Main.storyboard */ = {
			isa = PBXVariantGroup;
			children = (
				D719CB4C2BDD6F9C00DDEB05 /* Base */,
			);
			name = Main.storyboard;
			sourceTree = "<group>";
		};
		D719CB502BDD6F9C00DDEB05 /* LaunchScreen.storyboard */ = {
			isa = PBXVariantGroup;
			children = (
				D719CB512BDD6F9C00DDEB05 /* Base */,
			);
			name = LaunchScreen.storyboard;
			sourceTree = "<group>";
		};
/* End PBXVariantGroup section */

/* Begin XCBuildConfiguration section */
		D719CB542BDD6F9C00DDEB05 /* Debug */ = {
			isa = XCBuildConfiguration;
			buildSettings = {
				ALWAYS_SEARCH_USER_PATHS = NO;
				ASSETCATALOG_COMPILER_GENERATE_SWIFT_ASSET_SYMBOL_EXTENSIONS = YES;
				CLANG_ANALYZER_NONNULL = YES;
				CLANG_ANALYZER_NUMBER_OBJECT_CONVERSION = YES_AGGRESSIVE;
				CLANG_CXX_LANGUAGE_STANDARD = "gnu++20";
				CLANG_ENABLE_MODULES = YES;
				CLANG_ENABLE_OBJC_ARC = YES;
				CLANG_ENABLE_OBJC_WEAK = YES;
				CLANG_WARN_BLOCK_CAPTURE_AUTORELEASING = YES;
				CLANG_WARN_BOOL_CONVERSION = YES;
				CLANG_WARN_COMMA = YES;
				CLANG_WARN_CONSTANT_CONVERSION = YES;
				CLANG_WARN_DEPRECATED_OBJC_IMPLEMENTATIONS = YES;
				CLANG_WARN_DIRECT_OBJC_ISA_USAGE = YES_ERROR;
				CLANG_WARN_DOCUMENTATION_COMMENTS = YES;
				CLANG_WARN_EMPTY_BODY = YES;
				CLANG_WARN_ENUM_CONVERSION = YES;
				CLANG_WARN_INFINITE_RECURSION = YES;
				CLANG_WARN_INT_CONVERSION = YES;
				CLANG_WARN_NON_LITERAL_NULL_CONVERSION = YES;
				CLANG_WARN_OBJC_IMPLICIT_RETAIN_SELF = YES;
				CLANG_WARN_OBJC_LITERAL_CONVERSION = YES;
				CLANG_WARN_OBJC_ROOT_CLASS = YES_ERROR;
				CLANG_WARN_QUOTED_INCLUDE_IN_FRAMEWORK_HEADER = YES;
				CLANG_WARN_RANGE_LOOP_ANALYSIS = YES;
				CLANG_WARN_STRICT_PROTOTYPES = YES;
				CLANG_WARN_SUSPICIOUS_MOVE = YES;
				CLANG_WARN_UNGUARDED_AVAILABILITY = YES_AGGRESSIVE;
				CLANG_WARN_UNREACHABLE_CODE = YES;
				CLANG_WARN__DUPLICATE_METHOD_MATCH = YES;
				COPY_PHASE_STRIP = NO;
				DEBUG_INFORMATION_FORMAT = dwarf;
				ENABLE_STRICT_OBJC_MSGSEND = YES;
				ENABLE_TESTABILITY = YES;
				ENABLE_USER_SCRIPT_SANDBOXING = YES;
				GCC_C_LANGUAGE_STANDARD = gnu17;
				GCC_DYNAMIC_NO_PIC = NO;
				GCC_NO_COMMON_BLOCKS = YES;
				GCC_OPTIMIZATION_LEVEL = 0;
				GCC_PREPROCESSOR_DEFINITIONS = (
					"DEBUG=1",
					"$(inherited)",
				);
				GCC_WARN_64_TO_32_BIT_CONVERSION = YES;
				GCC_WARN_ABOUT_RETURN_TYPE = YES_ERROR;
				GCC_WARN_UNDECLARED_SELECTOR = YES;
				GCC_WARN_UNINITIALIZED_AUTOS = YES_AGGRESSIVE;
				GCC_WARN_UNUSED_FUNCTION = YES;
				GCC_WARN_UNUSED_VARIABLE = YES;
				IPHONEOS_DEPLOYMENT_TARGET = 17.4;
				LOCALIZATION_PREFERS_STRING_CATALOGS = YES;
				MTL_ENABLE_DEBUG_INFO = INCLUDE_SOURCE;
				MTL_FAST_MATH = YES;
				ONLY_ACTIVE_ARCH = YES;
				SDKROOT = iphoneos;
				SWIFT_ACTIVE_COMPILATION_CONDITIONS = "DEBUG $(inherited)";
				SWIFT_OPTIMIZATION_LEVEL = "-Onone";
			};
			name = Debug;
		};
		D719CB552BDD6F9C00DDEB05 /* Release */ = {
			isa = XCBuildConfiguration;
			buildSettings = {
				ALWAYS_SEARCH_USER_PATHS = NO;
				ASSETCATALOG_COMPILER_GENERATE_SWIFT_ASSET_SYMBOL_EXTENSIONS = YES;
				CLANG_ANALYZER_NONNULL = YES;
				CLANG_ANALYZER_NUMBER_OBJECT_CONVERSION = YES_AGGRESSIVE;
				CLANG_CXX_LANGUAGE_STANDARD = "gnu++20";
				CLANG_ENABLE_MODULES = YES;
				CLANG_ENABLE_OBJC_ARC = YES;
				CLANG_ENABLE_OBJC_WEAK = YES;
				CLANG_WARN_BLOCK_CAPTURE_AUTORELEASING = YES;
				CLANG_WARN_BOOL_CONVERSION = YES;
				CLANG_WARN_COMMA = YES;
				CLANG_WARN_CONSTANT_CONVERSION = YES;
				CLANG_WARN_DEPRECATED_OBJC_IMPLEMENTATIONS = YES;
				CLANG_WARN_DIRECT_OBJC_ISA_USAGE = YES_ERROR;
				CLANG_WARN_DOCUMENTATION_COMMENTS = YES;
				CLANG_WARN_EMPTY_BODY = YES;
				CLANG_WARN_ENUM_CONVERSION = YES;
				CLANG_WARN_INFINITE_RECURSION = YES;
				CLANG_WARN_INT_CONVERSION = YES;
				CLANG_WARN_NON_LITERAL_NULL_CONVERSION = YES;
				CLANG_WARN_OBJC_IMPLICIT_RETAIN_SELF = YES;
				CLANG_WARN_OBJC_LITERAL_CONVERSION = YES;
				CLANG_WARN_OBJC_ROOT_CLASS = YES_ERROR;
				CLANG_WARN_QUOTED_INCLUDE_IN_FRAMEWORK_HEADER = YES;
				CLANG_WARN_RANGE_LOOP_ANALYSIS = YES;
				CLANG_WARN_STRICT_PROTOTYPES = YES;
				CLANG_WARN_SUSPICIOUS_MOVE = YES;
				CLANG_WARN_UNGUARDED_AVAILABILITY = YES_AGGRESSIVE;
				CLANG_WARN_UNREACHABLE_CODE = YES;
				CLANG_WARN__DUPLICATE_METHOD_MATCH = YES;
				COPY_PHASE_STRIP = NO;
				DEBUG_INFORMATION_FORMAT = "dwarf-with-dsym";
				ENABLE_NS_ASSERTIONS = NO;
				ENABLE_STRICT_OBJC_MSGSEND = YES;
				ENABLE_USER_SCRIPT_SANDBOXING = YES;
				GCC_C_LANGUAGE_STANDARD = gnu17;
				GCC_NO_COMMON_BLOCKS = YES;
				GCC_WARN_64_TO_32_BIT_CONVERSION = YES;
				GCC_WARN_ABOUT_RETURN_TYPE = YES_ERROR;
				GCC_WARN_UNDECLARED_SELECTOR = YES;
				GCC_WARN_UNINITIALIZED_AUTOS = YES_AGGRESSIVE;
				GCC_WARN_UNUSED_FUNCTION = YES;
				GCC_WARN_UNUSED_VARIABLE = YES;
				IPHONEOS_DEPLOYMENT_TARGET = 17.4;
				LOCALIZATION_PREFERS_STRING_CATALOGS = YES;
				MTL_ENABLE_DEBUG_INFO = NO;
				MTL_FAST_MATH = YES;
				SDKROOT = iphoneos;
				SWIFT_COMPILATION_MODE = wholemodule;
				VALIDATE_PRODUCT = YES;
			};
			name = Release;
		};
		D719CB572BDD6F9C00DDEB05 /* Debug */ = {
			isa = XCBuildConfiguration;
			buildSettings = {
				ASSETCATALOG_COMPILER_APPICON_NAME = AppIcon;
				ASSETCATALOG_COMPILER_GLOBAL_ACCENT_COLOR_NAME = AccentColor;
				CODE_SIGN_STYLE = Automatic;
				CURRENT_PROJECT_VERSION = 1;
				DEVELOPMENT_TEAM = TD4UYT7957;
				GENERATE_INFOPLIST_FILE = YES;
				INFOPLIST_FILE = TablasColecciones/Info.plist;
				INFOPLIST_KEY_UIApplicationSupportsIndirectInputEvents = YES;
				INFOPLIST_KEY_UILaunchStoryboardName = LaunchScreen;
				INFOPLIST_KEY_UIMainStoryboardFile = Main;
				INFOPLIST_KEY_UISupportedInterfaceOrientations_iPad = "UIInterfaceOrientationPortrait UIInterfaceOrientationPortraitUpsideDown UIInterfaceOrientationLandscapeLeft UIInterfaceOrientationLandscapeRight";
				INFOPLIST_KEY_UISupportedInterfaceOrientations_iPhone = "UIInterfaceOrientationPortrait UIInterfaceOrientationLandscapeLeft UIInterfaceOrientationLandscapeRight";
				LD_RUNPATH_SEARCH_PATHS = (
					"$(inherited)",
					"@executable_path/Frameworks",
				);
				MARKETING_VERSION = 1.0;
				PRODUCT_BUNDLE_IDENTIFIER = mx.dev.cmg.ios.TablasColecciones;
				PRODUCT_NAME = "$(TARGET_NAME)";
				SWIFT_EMIT_LOC_STRINGS = YES;
				SWIFT_VERSION = 5.0;
				TARGETED_DEVICE_FAMILY = "1,2";
			};
			name = Debug;
		};
		D719CB582BDD6F9C00DDEB05 /* Release */ = {
			isa = XCBuildConfiguration;
			buildSettings = {
				ASSETCATALOG_COMPILER_APPICON_NAME = AppIcon;
				ASSETCATALOG_COMPILER_GLOBAL_ACCENT_COLOR_NAME = AccentColor;
				CODE_SIGN_STYLE = Automatic;
				CURRENT_PROJECT_VERSION = 1;
				DEVELOPMENT_TEAM = TD4UYT7957;
				GENERATE_INFOPLIST_FILE = YES;
				INFOPLIST_FILE = TablasColecciones/Info.plist;
				INFOPLIST_KEY_UIApplicationSupportsIndirectInputEvents = YES;
				INFOPLIST_KEY_UILaunchStoryboardName = LaunchScreen;
				INFOPLIST_KEY_UIMainStoryboardFile = Main;
				INFOPLIST_KEY_UISupportedInterfaceOrientations_iPad = "UIInterfaceOrientationPortrait UIInterfaceOrientationPortraitUpsideDown UIInterfaceOrientationLandscapeLeft UIInterfaceOrientationLandscapeRight";
				INFOPLIST_KEY_UISupportedInterfaceOrientations_iPhone = "UIInterfaceOrientationPortrait UIInterfaceOrientationLandscapeLeft UIInterfaceOrientationLandscapeRight";
				LD_RUNPATH_SEARCH_PATHS = (
					"$(inherited)",
					"@executable_path/Frameworks",
				);
				MARKETING_VERSION = 1.0;
				PRODUCT_BUNDLE_IDENTIFIER = mx.dev.cmg.ios.TablasColecciones;
				PRODUCT_NAME = "$(TARGET_NAME)";
				SWIFT_EMIT_LOC_STRINGS = YES;
				SWIFT_VERSION = 5.0;
				TARGETED_DEVICE_FAMILY = "1,2";
			};
			name = Release;
		};
/* End XCBuildConfiguration section */

/* Begin XCConfigurationList section */
		D719CB3D2BDD6F9C00DDEB05 /* Build configuration list for PBXProject "TablasColecciones" */ = {
			isa = XCConfigurationList;
			buildConfigurations = (
				D719CB542BDD6F9C00DDEB05 /* Debug */,
				D719CB552BDD6F9C00DDEB05 /* Release */,
			);
			defaultConfigurationIsVisible = 0;
			defaultConfigurationName = Release;
		};
		D719CB562BDD6F9C00DDEB05 /* Build configuration list for PBXNativeTarget "TablasColecciones" */ = {
			isa = XCConfigurationList;
			buildConfigurations = (
				D719CB572BDD6F9C00DDEB05 /* Debug */,
				D719CB582BDD6F9C00DDEB05 /* Release */,
			);
			defaultConfigurationIsVisible = 0;
			defaultConfigurationName = Release;
		};
/* End XCConfigurationList section */
	};
	rootObject = D719CB3A2BDD6F9C00DDEB05 /* Project object */;
}
