// !$*UTF8*$!
{
	archiveVersion = 1;
	classes = {
	};
	objectVersion = 56;
	objects = {

/* Begin PBXBuildFile section */
		D75A038B2BE34EA400F0BCF4 /* DetailViewController.swift in Sources */ = {isa = PBXBuildFile; fileRef = D75A038A2BE34EA400F0BCF4 /* DetailViewController.swift */; };
		D75A038D2BE3503000F0BCF4 /* Mazda.swift in Sources */ = {isa = PBXBuildFile; fileRef = D75A038C2BE3503000F0BCF4 /* Mazda.swift */; };
		D7B61B0F2BE1F22D003A3922 /* AppDelegate.swift in Sources */ = {isa = PBXBuildFile; fileRef = D7B61B0E2BE1F22D003A3922 /* AppDelegate.swift */; };
		D7B61B112BE1F22D003A3922 /* SceneDelegate.swift in Sources */ = {isa = PBXBuildFile; fileRef = D7B61B102BE1F22D003A3922 /* SceneDelegate.swift */; };
		D7B61B132BE1F22D003A3922 /* ViewController.swift in Sources */ = {isa = PBXBuildFile; fileRef = D7B61B122BE1F22D003A3922 /* ViewController.swift */; };
		D7B61B162BE1F22D003A3922 /* Base in Resources */ = {isa = PBXBuildFile; fileRef = D7B61B152BE1F22D003A3922 /* Base */; };
		D7B61B182BE1F22E003A3922 /* Assets.xcassets in Resources */ = {isa = PBXBuildFile; fileRef = D7B61B172BE1F22E003A3922 /* Assets.xcassets */; };
		D7B61B1B2BE1F22E003A3922 /* Base in Resources */ = {isa = PBXBuildFile; fileRef = D7B61B1A2BE1F22E003A3922 /* Base */; };
		D7B61B232BE1F2B9003A3922 /* Automovil.swift in Sources */ = {isa = PBXBuildFile; fileRef = D7B61B222BE1F2B9003A3922 /* Automovil.swift */; };
/* End PBXBuildFile section */

/* Begin PBXFileReference section */
		D75A038A2BE34EA400F0BCF4 /* DetailViewController.swift */ = {isa = PBXFileReference; lastKnownFileType = sourcecode.swift; path = DetailViewController.swift; sourceTree = "<group>"; };
		D75A038C2BE3503000F0BCF4 /* Mazda.swift */ = {isa = PBXFileReference; lastKnownFileType = sourcecode.swift; path = Mazda.swift; sourceTree = "<group>"; };
		D7B61B0B2BE1F22D003A3922 /* Fabrica Automoviles.app */ = {isa = PBXFileReference; explicitFileType = wrapper.application; includeInIndex = 0; path = "Fabrica Automoviles.app"; sourceTree = BUILT_PRODUCTS_DIR; };
		D7B61B0E2BE1F22D003A3922 /* AppDelegate.swift */ = {isa = PBXFileReference; lastKnownFileType = sourcecode.swift; path = AppDelegate.swift; sourceTree = "<group>"; };
		D7B61B102BE1F22D003A3922 /* SceneDelegate.swift */ = {isa = PBXFileReference; lastKnownFileType = sourcecode.swift; path = SceneDelegate.swift; sourceTree = "<group>"; };
		D7B61B122BE1F22D003A3922 /* ViewController.swift */ = {isa = PBXFileReference; lastKnownFileType = sourcecode.swift; path = ViewController.swift; sourceTree = "<group>"; };
		D7B61B152BE1F22D003A3922 /* Base */ = {isa = PBXFileReference; lastKnownFileType = file.storyboard; name = Base; path = Base.lproj/Main.storyboard; sourceTree = "<group>"; };
		D7B61B172BE1F22E003A3922 /* Assets.xcassets */ = {isa = PBXFileReference; lastKnownFileType = folder.assetcatalog; path = Assets.xcassets; sourceTree = "<group>"; };
		D7B61B1A2BE1F22E003A3922 /* Base */ = {isa = PBXFileReference; lastKnownFileType = file.storyboard; name = Base; path = Base.lproj/LaunchScreen.storyboard; sourceTree = "<group>"; };
		D7B61B1C2BE1F22E003A3922 /* Info.plist */ = {isa = PBXFileReference; lastKnownFileType = text.plist.xml; path = Info.plist; sourceTree = "<group>"; };
		D7B61B222BE1F2B9003A3922 /* Automovil.swift */ = {isa = PBXFileReference; lastKnownFileType = sourcecode.swift; path = Automovil.swift; sourceTree = "<group>"; };
/* End PBXFileReference section */

/* Begin PBXFrameworksBuildPhase section */
		D7B61B082BE1F22D003A3922 /* Frameworks */ = {
			isa = PBXFrameworksBuildPhase;
			buildActionMask = 2147483647;
			files = (
			);
			runOnlyForDeploymentPostprocessing = 0;
		};
/* End PBXFrameworksBuildPhase section */

/* Begin PBXGroup section */
		D7B61B022BE1F22D003A3922 = {
			isa = PBXGroup;
			children = (
				D7B61B0D2BE1F22D003A3922 /* Fabrica Automoviles */,
				D7B61B0C2BE1F22D003A3922 /* Products */,
			);
			sourceTree = "<group>";
		};
		D7B61B0C2BE1F22D003A3922 /* Products */ = {
			isa = PBXGroup;
			children = (
				D7B61B0B2BE1F22D003A3922 /* Fabrica Automoviles.app */,
			);
			name = Products;
			sourceTree = "<group>";
		};
		D7B61B0D2BE1F22D003A3922 /* Fabrica Automoviles */ = {
			isa = PBXGroup;
			children = (
				D7B61B0E2BE1F22D003A3922 /* AppDelegate.swift */,
				D7B61B102BE1F22D003A3922 /* SceneDelegate.swift */,
				D7B61B122BE1F22D003A3922 /* ViewController.swift */,
				D75A038A2BE34EA400F0BCF4 /* DetailViewController.swift */,
				D7B61B222BE1F2B9003A3922 /* Automovil.swift */,
				D7B61B142BE1F22D003A3922 /* Main.storyboard */,
				D7B61B172BE1F22E003A3922 /* Assets.xcassets */,
				D7B61B192BE1F22E003A3922 /* LaunchScreen.storyboard */,
				D7B61B1C2BE1F22E003A3922 /* Info.plist */,
				D75A038C2BE3503000F0BCF4 /* Mazda.swift */,
			);
			path = "Fabrica Automoviles";
			sourceTree = "<group>";
		};
/* End PBXGroup section */

/* Begin PBXNativeTarget section */
		D7B61B0A2BE1F22D003A3922 /* Fabrica Automoviles */ = {
			isa = PBXNativeTarget;
			buildConfigurationList = D7B61B1F2BE1F22E003A3922 /* Build configuration list for PBXNativeTarget "Fabrica Automoviles" */;
			buildPhases = (
				D7B61B072BE1F22D003A3922 /* Sources */,
				D7B61B082BE1F22D003A3922 /* Frameworks */,
				D7B61B092BE1F22D003A3922 /* Resources */,
			);
			buildRules = (
			);
			dependencies = (
			);
			name = "Fabrica Automoviles";
			productName = "Fabrica Automoviles";
			productReference = D7B61B0B2BE1F22D003A3922 /* Fabrica Automoviles.app */;
			productType = "com.apple.product-type.application";
		};
/* End PBXNativeTarget section */

/* Begin PBXProject section */
		D7B61B032BE1F22D003A3922 /* Project object */ = {
			isa = PBXProject;
			attributes = {
				BuildIndependentTargetsInParallel = 1;
				LastSwiftUpdateCheck = 1530;
				LastUpgradeCheck = 1530;
				TargetAttributes = {
					D7B61B0A2BE1F22D003A3922 = {
						CreatedOnToolsVersion = 15.3;
					};
				};
			};
			buildConfigurationList = D7B61B062BE1F22D003A3922 /* Build configuration list for PBXProject "Fabrica Automoviles" */;
			compatibilityVersion = "Xcode 14.0";
			developmentRegion = en;
			hasScannedForEncodings = 0;
			knownRegions = (
				en,
				Base,
			);
			mainGroup = D7B61B022BE1F22D003A3922;
			productRefGroup = D7B61B0C2BE1F22D003A3922 /* Products */;
			projectDirPath = "";
			projectRoot = "";
			targets = (
				D7B61B0A2BE1F22D003A3922 /* Fabrica Automoviles */,
			);
		};
/* End PBXProject section */

/* Begin PBXResourcesBuildPhase section */
		D7B61B092BE1F22D003A3922 /* Resources */ = {
			isa = PBXResourcesBuildPhase;
			buildActionMask = 2147483647;
			files = (
				D7B61B182BE1F22E003A3922 /* Assets.xcassets in Resources */,
				D7B61B1B2BE1F22E003A3922 /* Base in Resources */,
				D7B61B162BE1F22D003A3922 /* Base in Resources */,
			);
			runOnlyForDeploymentPostprocessing = 0;
		};
/* End PBXResourcesBuildPhase section */

/* Begin PBXSourcesBuildPhase section */
		D7B61B072BE1F22D003A3922 /* Sources */ = {
			isa = PBXSourcesBuildPhase;
			buildActionMask = 2147483647;
			files = (
				D7B61B132BE1F22D003A3922 /* ViewController.swift in Sources */,
				D75A038D2BE3503000F0BCF4 /* Mazda.swift in Sources */,
				D7B61B0F2BE1F22D003A3922 /* AppDelegate.swift in Sources */,
				D75A038B2BE34EA400F0BCF4 /* DetailViewController.swift in Sources */,
				D7B61B232BE1F2B9003A3922 /* Automovil.swift in Sources */,
				D7B61B112BE1F22D003A3922 /* SceneDelegate.swift in Sources */,
			);
			runOnlyForDeploymentPostprocessing = 0;
		};
/* End PBXSourcesBuildPhase section */

/* Begin PBXVariantGroup section */
		D7B61B142BE1F22D003A3922 /* Main.storyboard */ = {
			isa = PBXVariantGroup;
			children = (
				D7B61B152BE1F22D003A3922 /* Base */,
			);
			name = Main.storyboard;
			sourceTree = "<group>";
		};
		D7B61B192BE1F22E003A3922 /* LaunchScreen.storyboard */ = {
			isa = PBXVariantGroup;
			children = (
				D7B61B1A2BE1F22E003A3922 /* Base */,
			);
			name = LaunchScreen.storyboard;
			sourceTree = "<group>";
		};
/* End PBXVariantGroup section */

/* Begin XCBuildConfiguration section */
		D7B61B1D2BE1F22E003A3922 /* Debug */ = {
			isa = XCBuildConfiguration;
			buildSettings = {
				ALWAYS_SEARCH_USER_PATHS = NO;
				ASSETCATALOG_COMPILER_GENERATE_SWIFT_ASSET_SYMBOL_EXTENSIONS = YES;
				CLANG_ANALYZER_NONNULL = YES;
				CLANG_ANALYZER_NUMBER_OBJECT_CONVERSION = YES_AGGRESSIVE;
				CLANG_CXX_LANGUAGE_STANDARD = "gnu++20";
				CLANG_ENABLE_MODULES = YES;
				CLANG_ENABLE_OBJC_ARC = YES;
				CLANG_ENABLE_OBJC_WEAK = YES;
				CLANG_WARN_BLOCK_CAPTURE_AUTORELEASING = YES;
				CLANG_WARN_BOOL_CONVERSION = YES;
				CLANG_WARN_COMMA = YES;
				CLANG_WARN_CONSTANT_CONVERSION = YES;
				CLANG_WARN_DEPRECATED_OBJC_IMPLEMENTATIONS = YES;
				CLANG_WARN_DIRECT_OBJC_ISA_USAGE = YES_ERROR;
				CLANG_WARN_DOCUMENTATION_COMMENTS = YES;
				CLANG_WARN_EMPTY_BODY = YES;
				CLANG_WARN_ENUM_CONVERSION = YES;
				CLANG_WARN_INFINITE_RECURSION = YES;
				CLANG_WARN_INT_CONVERSION = YES;
				CLANG_WARN_NON_LITERAL_NULL_CONVERSION = YES;
				CLANG_WARN_OBJC_IMPLICIT_RETAIN_SELF = YES;
				CLANG_WARN_OBJC_LITERAL_CONVERSION = YES;
				CLANG_WARN_OBJC_ROOT_CLASS = YES_ERROR;
				CLANG_WARN_QUOTED_INCLUDE_IN_FRAMEWORK_HEADER = YES;
				CLANG_WARN_RANGE_LOOP_ANALYSIS = YES;
				CLANG_WARN_STRICT_PROTOTYPES = YES;
				CLANG_WARN_SUSPICIOUS_MOVE = YES;
				CLANG_WARN_UNGUARDED_AVAILABILITY = YES_AGGRESSIVE;
				CLANG_WARN_UNREACHABLE_CODE = YES;
				CLANG_WARN__DUPLICATE_METHOD_MATCH = YES;
				COPY_PHASE_STRIP = NO;
				DEBUG_INFORMATION_FORMAT = dwarf;
				ENABLE_STRICT_OBJC_MSGSEND = YES;
				ENABLE_TESTABILITY = YES;
				ENABLE_USER_SCRIPT_SANDBOXING = YES;
				GCC_C_LANGUAGE_STANDARD = gnu17;
				GCC_DYNAMIC_NO_PIC = NO;
				GCC_NO_COMMON_BLOCKS = YES;
				GCC_OPTIMIZATION_LEVEL = 0;
				GCC_PREPROCESSOR_DEFINITIONS = (
					"DEBUG=1",
					"$(inherited)",
				);
				GCC_WARN_64_TO_32_BIT_CONVERSION = YES;
				GCC_WARN_ABOUT_RETURN_TYPE = YES_ERROR;
				GCC_WARN_UNDECLARED_SELECTOR = YES;
				GCC_WARN_UNINITIALIZED_AUTOS = YES_AGGRESSIVE;
				GCC_WARN_UNUSED_FUNCTION = YES;
				GCC_WARN_UNUSED_VARIABLE = YES;
				IPHONEOS_DEPLOYMENT_TARGET = 17.4;
				LOCALIZATION_PREFERS_STRING_CATALOGS = YES;
				MTL_ENABLE_DEBUG_INFO = INCLUDE_SOURCE;
				MTL_FAST_MATH = YES;
				ONLY_ACTIVE_ARCH = YES;
				SDKROOT = iphoneos;
				SWIFT_ACTIVE_COMPILATION_CONDITIONS = "DEBUG $(inherited)";
				SWIFT_OPTIMIZATION_LEVEL = "-Onone";
			};
			name = Debug;
		};
		D7B61B1E2BE1F22E003A3922 /* Release */ = {
			isa = XCBuildConfiguration;
			buildSettings = {
				ALWAYS_SEARCH_USER_PATHS = NO;
				ASSETCATALOG_COMPILER_GENERATE_SWIFT_ASSET_SYMBOL_EXTENSIONS = YES;
				CLANG_ANALYZER_NONNULL = YES;
				CLANG_ANALYZER_NUMBER_OBJECT_CONVERSION = YES_AGGRESSIVE;
				CLANG_CXX_LANGUAGE_STANDARD = "gnu++20";
				CLANG_ENABLE_MODULES = YES;
				CLANG_ENABLE_OBJC_ARC = YES;
				CLANG_ENABLE_OBJC_WEAK = YES;
				CLANG_WARN_BLOCK_CAPTURE_AUTORELEASING = YES;
				CLANG_WARN_BOOL_CONVERSION = YES;
				CLANG_WARN_COMMA = YES;
				CLANG_WARN_CONSTANT_CONVERSION = YES;
				CLANG_WARN_DEPRECATED_OBJC_IMPLEMENTATIONS = YES;
				CLANG_WARN_DIRECT_OBJC_ISA_USAGE = YES_ERROR;
				CLANG_WARN_DOCUMENTATION_COMMENTS = YES;
				CLANG_WARN_EMPTY_BODY = YES;
				CLANG_WARN_ENUM_CONVERSION = YES;
				CLANG_WARN_INFINITE_RECURSION = YES;
				CLANG_WARN_INT_CONVERSION = YES;
				CLANG_WARN_NON_LITERAL_NULL_CONVERSION = YES;
				CLANG_WARN_OBJC_IMPLICIT_RETAIN_SELF = YES;
				CLANG_WARN_OBJC_LITERAL_CONVERSION = YES;
				CLANG_WARN_OBJC_ROOT_CLASS = YES_ERROR;
				CLANG_WARN_QUOTED_INCLUDE_IN_FRAMEWORK_HEADER = YES;
				CLANG_WARN_RANGE_LOOP_ANALYSIS = YES;
				CLANG_WARN_STRICT_PROTOTYPES = YES;
				CLANG_WARN_SUSPICIOUS_MOVE = YES;
				CLANG_WARN_UNGUARDED_AVAILABILITY = YES_AGGRESSIVE;
				CLANG_WARN_UNREACHABLE_CODE = YES;
				CLANG_WARN__DUPLICATE_METHOD_MATCH = YES;
				COPY_PHASE_STRIP = NO;
				DEBUG_INFORMATION_FORMAT = "dwarf-with-dsym";
				ENABLE_NS_ASSERTIONS = NO;
				ENABLE_STRICT_OBJC_MSGSEND = YES;
				ENABLE_USER_SCRIPT_SANDBOXING = YES;
				GCC_C_LANGUAGE_STANDARD = gnu17;
				GCC_NO_COMMON_BLOCKS = YES;
				GCC_WARN_64_TO_32_BIT_CONVERSION = YES;
				GCC_WARN_ABOUT_RETURN_TYPE = YES_ERROR;
				GCC_WARN_UNDECLARED_SELECTOR = YES;
				GCC_WARN_UNINITIALIZED_AUTOS = YES_AGGRESSIVE;
				GCC_WARN_UNUSED_FUNCTION = YES;
				GCC_WARN_UNUSED_VARIABLE = YES;
				IPHONEOS_DEPLOYMENT_TARGET = 17.4;
				LOCALIZATION_PREFERS_STRING_CATALOGS = YES;
				MTL_ENABLE_DEBUG_INFO = NO;
				MTL_FAST_MATH = YES;
				SDKROOT = iphoneos;
				SWIFT_COMPILATION_MODE = wholemodule;
				VALIDATE_PRODUCT = YES;
			};
			name = Release;
		};
		D7B61B202BE1F22E003A3922 /* Debug */ = {
			isa = XCBuildConfiguration;
			buildSettings = {
				ASSETCATALOG_COMPILER_APPICON_NAME = AppIcon;
				ASSETCATALOG_COMPILER_GLOBAL_ACCENT_COLOR_NAME = AccentColor;
				CODE_SIGN_STYLE = Automatic;
				CURRENT_PROJECT_VERSION = 1;
				DEVELOPMENT_TEAM = TD4UYT7957;
				GENERATE_INFOPLIST_FILE = YES;
				INFOPLIST_FILE = "Fabrica Automoviles/Info.plist";
				INFOPLIST_KEY_UIApplicationSupportsIndirectInputEvents = YES;
				INFOPLIST_KEY_UILaunchStoryboardName = LaunchScreen;
				INFOPLIST_KEY_UIMainStoryboardFile = Main;
				INFOPLIST_KEY_UISupportedInterfaceOrientations_iPad = "UIInterfaceOrientationPortrait UIInterfaceOrientationPortraitUpsideDown UIInterfaceOrientationLandscapeLeft UIInterfaceOrientationLandscapeRight";
				INFOPLIST_KEY_UISupportedInterfaceOrientations_iPhone = "UIInterfaceOrientationPortrait UIInterfaceOrientationLandscapeLeft UIInterfaceOrientationLandscapeRight";
				LD_RUNPATH_SEARCH_PATHS = (
					"$(inherited)",
					"@executable_path/Frameworks",
				);
				MARKETING_VERSION = 1.0;
				PRODUCT_BUNDLE_IDENTIFIER = "mx.dev.cmg.ios.Fabrica-Automoviles";
				PRODUCT_NAME = "$(TARGET_NAME)";
				SWIFT_EMIT_LOC_STRINGS = YES;
				SWIFT_VERSION = 5.0;
				TARGETED_DEVICE_FAMILY = "1,2";
			};
			name = Debug;
		};
		D7B61B212BE1F22E003A3922 /* Release */ = {
			isa = XCBuildConfiguration;
			buildSettings = {
				ASSETCATALOG_COMPILER_APPICON_NAME = AppIcon;
				ASSETCATALOG_COMPILER_GLOBAL_ACCENT_COLOR_NAME = AccentColor;
				CODE_SIGN_STYLE = Automatic;
				CURRENT_PROJECT_VERSION = 1;
				DEVELOPMENT_TEAM = TD4UYT7957;
				GENERATE_INFOPLIST_FILE = YES;
				INFOPLIST_FILE = "Fabrica Automoviles/Info.plist";
				INFOPLIST_KEY_UIApplicationSupportsIndirectInputEvents = YES;
				INFOPLIST_KEY_UILaunchStoryboardName = LaunchScreen;
				INFOPLIST_KEY_UIMainStoryboardFile = Main;
				INFOPLIST_KEY_UISupportedInterfaceOrientations_iPad = "UIInterfaceOrientationPortrait UIInterfaceOrientationPortraitUpsideDown UIInterfaceOrientationLandscapeLeft UIInterfaceOrientationLandscapeRight";
				INFOPLIST_KEY_UISupportedInterfaceOrientations_iPhone = "UIInterfaceOrientationPortrait UIInterfaceOrientationLandscapeLeft UIInterfaceOrientationLandscapeRight";
				LD_RUNPATH_SEARCH_PATHS = (
					"$(inherited)",
					"@executable_path/Frameworks",
				);
				MARKETING_VERSION = 1.0;
				PRODUCT_BUNDLE_IDENTIFIER = "mx.dev.cmg.ios.Fabrica-Automoviles";
				PRODUCT_NAME = "$(TARGET_NAME)";
				SWIFT_EMIT_LOC_STRINGS = YES;
				SWIFT_VERSION = 5.0;
				TARGETED_DEVICE_FAMILY = "1,2";
			};
			name = Release;
		};
/* End XCBuildConfiguration section */

/* Begin XCConfigurationList section */
		D7B61B062BE1F22D003A3922 /* Build configuration list for PBXProject "Fabrica Automoviles" */ = {
			isa = XCConfigurationList;
			buildConfigurations = (
				D7B61B1D2BE1F22E003A3922 /* Debug */,
				D7B61B1E2BE1F22E003A3922 /* Release */,
			);
			defaultConfigurationIsVisible = 0;
			defaultConfigurationName = Release;
		};
		D7B61B1F2BE1F22E003A3922 /* Build configuration list for PBXNativeTarget "Fabrica Automoviles" */ = {
			isa = XCConfigurationList;
			buildConfigurations = (
				D7B61B202BE1F22E003A3922 /* Debug */,
				D7B61B212BE1F22E003A3922 /* Release */,
			);
			defaultConfigurationIsVisible = 0;
			defaultConfigurationName = Release;
		};
/* End XCConfigurationList section */
	};
	rootObject = D7B61B032BE1F22D003A3922 /* Project object */;
}
