// !$*UTF8*$!
{
	archiveVersion = 1;
	classes = {
	};
	objectVersion = 56;
	objects = {

/* Begin PBXBuildFile section */
		D774BC382BD8B1D100EEEB79 /* PageViewController.swift in Sources */ = {isa = PBXBuildFile; fileRef = D774BC372BD8B1D100EEEB79 /* PageViewController.swift */; };
		D774BC3A2BD8B42100EEEB79 /* GreenViewController.swift in Sources */ = {isa = PBXBuildFile; fileRef = D774BC392BD8B42100EEEB79 /* GreenViewController.swift */; };
		D7DCB9172B8EDF9300551D1F /* AppDelegate.swift in Sources */ = {isa = PBXBuildFile; fileRef = D7DCB9162B8EDF9300551D1F /* AppDelegate.swift */; };
		D7DCB9192B8EDF9300551D1F /* SceneDelegate.swift in Sources */ = {isa = PBXBuildFile; fileRef = D7DCB9182B8EDF9300551D1F /* SceneDelegate.swift */; };
		D7DCB91B2B8EDF9300551D1F /* ViewController.swift in Sources */ = {isa = PBXBuildFile; fileRef = D7DCB91A2B8EDF9300551D1F /* ViewController.swift */; };
		D7DCB91E2B8EDF9300551D1F /* Main.storyboard in Resources */ = {isa = PBXBuildFile; fileRef = D7DCB91C2B8EDF9300551D1F /* Main.storyboard */; };
		D7DCB9202B8EDF9400551D1F /* Assets.xcassets in Resources */ = {isa = PBXBuildFile; fileRef = D7DCB91F2B8EDF9400551D1F /* Assets.xcassets */; };
		D7DCB9232B8EDF9400551D1F /* LaunchScreen.storyboard in Resources */ = {isa = PBXBuildFile; fileRef = D7DCB9212B8EDF9400551D1F /* LaunchScreen.storyboard */; };
/* End PBXBuildFile section */

/* Begin PBXFileReference section */
		D774BC372BD8B1D100EEEB79 /* PageViewController.swift */ = {isa = PBXFileReference; lastKnownFileType = sourcecode.swift; path = PageViewController.swift; sourceTree = "<group>"; };
		D774BC392BD8B42100EEEB79 /* GreenViewController.swift */ = {isa = PBXFileReference; lastKnownFileType = sourcecode.swift; path = GreenViewController.swift; sourceTree = "<group>"; };
		D7DCB9132B8EDF9300551D1F /* ViewsAndNavigation.app */ = {isa = PBXFileReference; explicitFileType = wrapper.application; includeInIndex = 0; path = ViewsAndNavigation.app; sourceTree = BUILT_PRODUCTS_DIR; };
		D7DCB9162B8EDF9300551D1F /* AppDelegate.swift */ = {isa = PBXFileReference; lastKnownFileType = sourcecode.swift; path = AppDelegate.swift; sourceTree = "<group>"; };
		D7DCB9182B8EDF9300551D1F /* SceneDelegate.swift */ = {isa = PBXFileReference; lastKnownFileType = sourcecode.swift; path = SceneDelegate.swift; sourceTree = "<group>"; };
		D7DCB91A2B8EDF9300551D1F /* ViewController.swift */ = {isa = PBXFileReference; lastKnownFileType = sourcecode.swift; path = ViewController.swift; sourceTree = "<group>"; };
		D7DCB91D2B8EDF9300551D1F /* Base */ = {isa = PBXFileReference; lastKnownFileType = file.storyboard; name = Base; path = Base.lproj/Main.storyboard; sourceTree = "<group>"; };
		D7DCB91F2B8EDF9400551D1F /* Assets.xcassets */ = {isa = PBXFileReference; lastKnownFileType = folder.assetcatalog; path = Assets.xcassets; sourceTree = "<group>"; };
		D7DCB9222B8EDF9400551D1F /* Base */ = {isa = PBXFileReference; lastKnownFileType = file.storyboard; name = Base; path = Base.lproj/LaunchScreen.storyboard; sourceTree = "<group>"; };
		D7DCB9242B8EDF9400551D1F /* Info.plist */ = {isa = PBXFileReference; lastKnownFileType = text.plist.xml; path = Info.plist; sourceTree = "<group>"; };
/* End PBXFileReference section */

/* Begin PBXFrameworksBuildPhase section */
		D7DCB9102B8EDF9300551D1F /* Frameworks */ = {
			isa = PBXFrameworksBuildPhase;
			buildActionMask = 2147483647;
			files = (
			);
			runOnlyForDeploymentPostprocessing = 0;
		};
/* End PBXFrameworksBuildPhase section */

/* Begin PBXGroup section */
		D7DCB90A2B8EDF9200551D1F = {
			isa = PBXGroup;
			children = (
				D7DCB9152B8EDF9300551D1F /* ViewsAndNavigation */,
				D7DCB9142B8EDF9300551D1F /* Products */,
			);
			sourceTree = "<group>";
		};
		D7DCB9142B8EDF9300551D1F /* Products */ = {
			isa = PBXGroup;
			children = (
				D7DCB9132B8EDF9300551D1F /* ViewsAndNavigation.app */,
			);
			name = Products;
			sourceTree = "<group>";
		};
		D7DCB9152B8EDF9300551D1F /* ViewsAndNavigation */ = {
			isa = PBXGroup;
			children = (
				D7DCB9162B8EDF9300551D1F /* AppDelegate.swift */,
				D7DCB9182B8EDF9300551D1F /* SceneDelegate.swift */,
				D7DCB91A2B8EDF9300551D1F /* ViewController.swift */,
				D7DCB91C2B8EDF9300551D1F /* Main.storyboard */,
				D7DCB91F2B8EDF9400551D1F /* Assets.xcassets */,
				D7DCB9212B8EDF9400551D1F /* LaunchScreen.storyboard */,
				D7DCB9242B8EDF9400551D1F /* Info.plist */,
				D774BC372BD8B1D100EEEB79 /* PageViewController.swift */,
				D774BC392BD8B42100EEEB79 /* GreenViewController.swift */,
			);
			path = ViewsAndNavigation;
			sourceTree = "<group>";
		};
/* End PBXGroup section */

/* Begin PBXNativeTarget section */
		D7DCB9122B8EDF9300551D1F /* ViewsAndNavigation */ = {
			isa = PBXNativeTarget;
			buildConfigurationList = D7DCB9272B8EDF9400551D1F /* Build configuration list for PBXNativeTarget "ViewsAndNavigation" */;
			buildPhases = (
				D7DCB90F2B8EDF9300551D1F /* Sources */,
				D7DCB9102B8EDF9300551D1F /* Frameworks */,
				D7DCB9112B8EDF9300551D1F /* Resources */,
			);
			buildRules = (
			);
			dependencies = (
			);
			name = ViewsAndNavigation;
			productName = ViewsAndNavigation;
			productReference = D7DCB9132B8EDF9300551D1F /* ViewsAndNavigation.app */;
			productType = "com.apple.product-type.application";
		};
/* End PBXNativeTarget section */

/* Begin PBXProject section */
		D7DCB90B2B8EDF9200551D1F /* Project object */ = {
			isa = PBXProject;
			attributes = {
				BuildIndependentTargetsInParallel = 1;
				LastSwiftUpdateCheck = 1520;
				LastUpgradeCheck = 1520;
				TargetAttributes = {
					D7DCB9122B8EDF9300551D1F = {
						CreatedOnToolsVersion = 15.2;
					};
				};
			};
			buildConfigurationList = D7DCB90E2B8EDF9200551D1F /* Build configuration list for PBXProject "ViewsAndNavigation" */;
			compatibilityVersion = "Xcode 14.0";
			developmentRegion = en;
			hasScannedForEncodings = 0;
			knownRegions = (
				en,
				Base,
			);
			mainGroup = D7DCB90A2B8EDF9200551D1F;
			productRefGroup = D7DCB9142B8EDF9300551D1F /* Products */;
			projectDirPath = "";
			projectRoot = "";
			targets = (
				D7DCB9122B8EDF9300551D1F /* ViewsAndNavigation */,
			);
		};
/* End PBXProject section */

/* Begin PBXResourcesBuildPhase section */
		D7DCB9112B8EDF9300551D1F /* Resources */ = {
			isa = PBXResourcesBuildPhase;
			buildActionMask = 2147483647;
			files = (
				D7DCB9232B8EDF9400551D1F /* LaunchScreen.storyboard in Resources */,
				D7DCB9202B8EDF9400551D1F /* Assets.xcassets in Resources */,
				D7DCB91E2B8EDF9300551D1F /* Main.storyboard in Resources */,
			);
			runOnlyForDeploymentPostprocessing = 0;
		};
/* End PBXResourcesBuildPhase section */

/* Begin PBXSourcesBuildPhase section */
		D7DCB90F2B8EDF9300551D1F /* Sources */ = {
			isa = PBXSourcesBuildPhase;
			buildActionMask = 2147483647;
			files = (
				D7DCB91B2B8EDF9300551D1F /* ViewController.swift in Sources */,
				D7DCB9172B8EDF9300551D1F /* AppDelegate.swift in Sources */,
				D7DCB9192B8EDF9300551D1F /* SceneDelegate.swift in Sources */,
				D774BC382BD8B1D100EEEB79 /* PageViewController.swift in Sources */,
				D774BC3A2BD8B42100EEEB79 /* GreenViewController.swift in Sources */,
			);
			runOnlyForDeploymentPostprocessing = 0;
		};
/* End PBXSourcesBuildPhase section */

/* Begin PBXVariantGroup section */
		D7DCB91C2B8EDF9300551D1F /* Main.storyboard */ = {
			isa = PBXVariantGroup;
			children = (
				D7DCB91D2B8EDF9300551D1F /* Base */,
			);
			name = Main.storyboard;
			sourceTree = "<group>";
		};
		D7DCB9212B8EDF9400551D1F /* LaunchScreen.storyboard */ = {
			isa = PBXVariantGroup;
			children = (
				D7DCB9222B8EDF9400551D1F /* Base */,
			);
			name = LaunchScreen.storyboard;
			sourceTree = "<group>";
		};
/* End PBXVariantGroup section */

/* Begin XCBuildConfiguration section */
		D7DCB9252B8EDF9400551D1F /* Debug */ = {
			isa = XCBuildConfiguration;
			buildSettings = {
				ALWAYS_SEARCH_USER_PATHS = NO;
				ASSETCATALOG_COMPILER_GENERATE_SWIFT_ASSET_SYMBOL_EXTENSIONS = YES;
				CLANG_ANALYZER_NONNULL = YES;
				CLANG_ANALYZER_NUMBER_OBJECT_CONVERSION = YES_AGGRESSIVE;
				CLANG_CXX_LANGUAGE_STANDARD = "gnu++20";
				CLANG_ENABLE_MODULES = YES;
				CLANG_ENABLE_OBJC_ARC = YES;
				CLANG_ENABLE_OBJC_WEAK = YES;
				CLANG_WARN_BLOCK_CAPTURE_AUTORELEASING = YES;
				CLANG_WARN_BOOL_CONVERSION = YES;
				CLANG_WARN_COMMA = YES;
				CLANG_WARN_CONSTANT_CONVERSION = YES;
				CLANG_WARN_DEPRECATED_OBJC_IMPLEMENTATIONS = YES;
				CLANG_WARN_DIRECT_OBJC_ISA_USAGE = YES_ERROR;
				CLANG_WARN_DOCUMENTATION_COMMENTS = YES;
				CLANG_WARN_EMPTY_BODY = YES;
				CLANG_WARN_ENUM_CONVERSION = YES;
				CLANG_WARN_INFINITE_RECURSION = YES;
				CLANG_WARN_INT_CONVERSION = YES;
				CLANG_WARN_NON_LITERAL_NULL_CONVERSION = YES;
				CLANG_WARN_OBJC_IMPLICIT_RETAIN_SELF = YES;
				CLANG_WARN_OBJC_LITERAL_CONVERSION = YES;
				CLANG_WARN_OBJC_ROOT_CLASS = YES_ERROR;
				CLANG_WARN_QUOTED_INCLUDE_IN_FRAMEWORK_HEADER = YES;
				CLANG_WARN_RANGE_LOOP_ANALYSIS = YES;
				CLANG_WARN_STRICT_PROTOTYPES = YES;
				CLANG_WARN_SUSPICIOUS_MOVE = YES;
				CLANG_WARN_UNGUARDED_AVAILABILITY = YES_AGGRESSIVE;
				CLANG_WARN_UNREACHABLE_CODE = YES;
				CLANG_WARN__DUPLICATE_METHOD_MATCH = YES;
				COPY_PHASE_STRIP = NO;
				DEBUG_INFORMATION_FORMAT = dwarf;
				ENABLE_STRICT_OBJC_MSGSEND = YES;
				ENABLE_TESTABILITY = YES;
				ENABLE_USER_SCRIPT_SANDBOXING = YES;
				GCC_C_LANGUAGE_STANDARD = gnu17;
				GCC_DYNAMIC_NO_PIC = NO;
				GCC_NO_COMMON_BLOCKS = YES;
				GCC_OPTIMIZATION_LEVEL = 0;
				GCC_PREPROCESSOR_DEFINITIONS = (
					"DEBUG=1",
					"$(inherited)",
				);
				GCC_WARN_64_TO_32_BIT_CONVERSION = YES;
				GCC_WARN_ABOUT_RETURN_TYPE = YES_ERROR;
				GCC_WARN_UNDECLARED_SELECTOR = YES;
				GCC_WARN_UNINITIALIZED_AUTOS = YES_AGGRESSIVE;
				GCC_WARN_UNUSED_FUNCTION = YES;
				GCC_WARN_UNUSED_VARIABLE = YES;
				IPHONEOS_DEPLOYMENT_TARGET = 17.2;
				LOCALIZATION_PREFERS_STRING_CATALOGS = YES;
				MTL_ENABLE_DEBUG_INFO = INCLUDE_SOURCE;
				MTL_FAST_MATH = YES;
				ONLY_ACTIVE_ARCH = YES;
				SDKROOT = iphoneos;
				SWIFT_ACTIVE_COMPILATION_CONDITIONS = "DEBUG $(inherited)";
				SWIFT_OPTIMIZATION_LEVEL = "-Onone";
			};
			name = Debug;
		};
		D7DCB9262B8EDF9400551D1F /* Release */ = {
			isa = XCBuildConfiguration;
			buildSettings = {
				ALWAYS_SEARCH_USER_PATHS = NO;
				ASSETCATALOG_COMPILER_GENERATE_SWIFT_ASSET_SYMBOL_EXTENSIONS = YES;
				CLANG_ANALYZER_NONNULL = YES;
				CLANG_ANALYZER_NUMBER_OBJECT_CONVERSION = YES_AGGRESSIVE;
				CLANG_CXX_LANGUAGE_STANDARD = "gnu++20";
				CLANG_ENABLE_MODULES = YES;
				CLANG_ENABLE_OBJC_ARC = YES;
				CLANG_ENABLE_OBJC_WEAK = YES;
				CLANG_WARN_BLOCK_CAPTURE_AUTORELEASING = YES;
				CLANG_WARN_BOOL_CONVERSION = YES;
				CLANG_WARN_COMMA = YES;
				CLANG_WARN_CONSTANT_CONVERSION = YES;
				CLANG_WARN_DEPRECATED_OBJC_IMPLEMENTATIONS = YES;
				CLANG_WARN_DIRECT_OBJC_ISA_USAGE = YES_ERROR;
				CLANG_WARN_DOCUMENTATION_COMMENTS = YES;
				CLANG_WARN_EMPTY_BODY = YES;
				CLANG_WARN_ENUM_CONVERSION = YES;
				CLANG_WARN_INFINITE_RECURSION = YES;
				CLANG_WARN_INT_CONVERSION = YES;
				CLANG_WARN_NON_LITERAL_NULL_CONVERSION = YES;
				CLANG_WARN_OBJC_IMPLICIT_RETAIN_SELF = YES;
				CLANG_WARN_OBJC_LITERAL_CONVERSION = YES;
				CLANG_WARN_OBJC_ROOT_CLASS = YES_ERROR;
				CLANG_WARN_QUOTED_INCLUDE_IN_FRAMEWORK_HEADER = YES;
				CLANG_WARN_RANGE_LOOP_ANALYSIS = YES;
				CLANG_WARN_STRICT_PROTOTYPES = YES;
				CLANG_WARN_SUSPICIOUS_MOVE = YES;
				CLANG_WARN_UNGUARDED_AVAILABILITY = YES_AGGRESSIVE;
				CLANG_WARN_UNREACHABLE_CODE = YES;
				CLANG_WARN__DUPLICATE_METHOD_MATCH = YES;
				COPY_PHASE_STRIP = NO;
				DEBUG_INFORMATION_FORMAT = "dwarf-with-dsym";
				ENABLE_NS_ASSERTIONS = NO;
				ENABLE_STRICT_OBJC_MSGSEND = YES;
				ENABLE_USER_SCRIPT_SANDBOXING = YES;
				GCC_C_LANGUAGE_STANDARD = gnu17;
				GCC_NO_COMMON_BLOCKS = YES;
				GCC_WARN_64_TO_32_BIT_CONVERSION = YES;
				GCC_WARN_ABOUT_RETURN_TYPE = YES_ERROR;
				GCC_WARN_UNDECLARED_SELECTOR = YES;
				GCC_WARN_UNINITIALIZED_AUTOS = YES_AGGRESSIVE;
				GCC_WARN_UNUSED_FUNCTION = YES;
				GCC_WARN_UNUSED_VARIABLE = YES;
				IPHONEOS_DEPLOYMENT_TARGET = 17.2;
				LOCALIZATION_PREFERS_STRING_CATALOGS = YES;
				MTL_ENABLE_DEBUG_INFO = NO;
				MTL_FAST_MATH = YES;
				SDKROOT = iphoneos;
				SWIFT_COMPILATION_MODE = wholemodule;
				VALIDATE_PRODUCT = YES;
			};
			name = Release;
		};
		D7DCB9282B8EDF9400551D1F /* Debug */ = {
			isa = XCBuildConfiguration;
			buildSettings = {
				ASSETCATALOG_COMPILER_APPICON_NAME = AppIcon;
				ASSETCATALOG_COMPILER_GLOBAL_ACCENT_COLOR_NAME = AccentColor;
				CODE_SIGN_STYLE = Automatic;
				CURRENT_PROJECT_VERSION = 1;
				DEVELOPMENT_TEAM = TD4UYT7957;
				GENERATE_INFOPLIST_FILE = YES;
				INFOPLIST_FILE = ViewsAndNavigation/Info.plist;
				INFOPLIST_KEY_UIApplicationSupportsIndirectInputEvents = YES;
				INFOPLIST_KEY_UILaunchStoryboardName = LaunchScreen;
				INFOPLIST_KEY_UIMainStoryboardFile = Main;
				INFOPLIST_KEY_UISupportedInterfaceOrientations_iPad = "UIInterfaceOrientationPortrait UIInterfaceOrientationPortraitUpsideDown UIInterfaceOrientationLandscapeLeft UIInterfaceOrientationLandscapeRight";
				INFOPLIST_KEY_UISupportedInterfaceOrientations_iPhone = "UIInterfaceOrientationPortrait UIInterfaceOrientationLandscapeLeft UIInterfaceOrientationLandscapeRight";
				LD_RUNPATH_SEARCH_PATHS = (
					"$(inherited)",
					"@executable_path/Frameworks",
				);
				MARKETING_VERSION = 1.0;
				PRODUCT_BUNDLE_IDENTIFIER = mx.dev.cmg.ios.ViewsAndNavigation;
				PRODUCT_NAME = "$(TARGET_NAME)";
				SWIFT_EMIT_LOC_STRINGS = YES;
				SWIFT_VERSION = 5.0;
				TARGETED_DEVICE_FAMILY = "1,2";
			};
			name = Debug;
		};
		D7DCB9292B8EDF9400551D1F /* Release */ = {
			isa = XCBuildConfiguration;
			buildSettings = {
				ASSETCATALOG_COMPILER_APPICON_NAME = AppIcon;
				ASSETCATALOG_COMPILER_GLOBAL_ACCENT_COLOR_NAME = AccentColor;
				CODE_SIGN_STYLE = Automatic;
				CURRENT_PROJECT_VERSION = 1;
				DEVELOPMENT_TEAM = TD4UYT7957;
				GENERATE_INFOPLIST_FILE = YES;
				INFOPLIST_FILE = ViewsAndNavigation/Info.plist;
				INFOPLIST_KEY_UIApplicationSupportsIndirectInputEvents = YES;
				INFOPLIST_KEY_UILaunchStoryboardName = LaunchScreen;
				INFOPLIST_KEY_UIMainStoryboardFile = Main;
				INFOPLIST_KEY_UISupportedInterfaceOrientations_iPad = "UIInterfaceOrientationPortrait UIInterfaceOrientationPortraitUpsideDown UIInterfaceOrientationLandscapeLeft UIInterfaceOrientationLandscapeRight";
				INFOPLIST_KEY_UISupportedInterfaceOrientations_iPhone = "UIInterfaceOrientationPortrait UIInterfaceOrientationLandscapeLeft UIInterfaceOrientationLandscapeRight";
				LD_RUNPATH_SEARCH_PATHS = (
					"$(inherited)",
					"@executable_path/Frameworks",
				);
				MARKETING_VERSION = 1.0;
				PRODUCT_BUNDLE_IDENTIFIER = mx.dev.cmg.ios.ViewsAndNavigation;
				PRODUCT_NAME = "$(TARGET_NAME)";
				SWIFT_EMIT_LOC_STRINGS = YES;
				SWIFT_VERSION = 5.0;
				TARGETED_DEVICE_FAMILY = "1,2";
			};
			name = Release;
		};
/* End XCBuildConfiguration section */

/* Begin XCConfigurationList section */
		D7DCB90E2B8EDF9200551D1F /* Build configuration list for PBXProject "ViewsAndNavigation" */ = {
			isa = XCConfigurationList;
			buildConfigurations = (
				D7DCB9252B8EDF9400551D1F /* Debug */,
				D7DCB9262B8EDF9400551D1F /* Release */,
			);
			defaultConfigurationIsVisible = 0;
			defaultConfigurationName = Release;
		};
		D7DCB9272B8EDF9400551D1F /* Build configuration list for PBXNativeTarget "ViewsAndNavigation" */ = {
			isa = XCConfigurationList;
			buildConfigurations = (
				D7DCB9282B8EDF9400551D1F /* Debug */,
				D7DCB9292B8EDF9400551D1F /* Release */,
			);
			defaultConfigurationIsVisible = 0;
			defaultConfigurationName = Release;
		};
/* End XCConfigurationList section */
	};
	rootObject = D7DCB90B2B8EDF9200551D1F /* Project object */;
}
